// !$*UTF8*$!
{
	archiveVersion = 1;
	classes = {
	};
	objectVersion = 46;
	objects = {

/* Begin PBXBuildFile section */
		132CDBFC1B8A562D00725BC8 /* main.m in Sources */ = {isa = PBXBuildFile; fileRef = 132CDBFB1B8A562D00725BC8 /* main.m */; };
		132CDC051B8A562D00725BC8 /* Main.storyboard in Resources */ = {isa = PBXBuildFile; fileRef = 132CDC031B8A562D00725BC8 /* Main.storyboard */; };
		132CDC071B8A562D00725BC8 /* Images.xcassets in Resources */ = {isa = PBXBuildFile; fileRef = 132CDC061B8A562D00725BC8 /* Images.xcassets */; };
		132CDC0A1B8A562D00725BC8 /* LaunchScreen.xib in Resources */ = {isa = PBXBuildFile; fileRef = 132CDC081B8A562D00725BC8 /* LaunchScreen.xib */; };
		132CDC161B8A562D00725BC8 /* SampleTests.m in Sources */ = {isa = PBXBuildFile; fileRef = 132CDC151B8A562D00725BC8 /* SampleTests.m */; };
		132CDC251B8A563A00725BC8 /* _TBALongPressProxy.m in Sources */ = {isa = PBXBuildFile; fileRef = 132CDC211B8A563A00725BC8 /* _TBALongPressProxy.m */; };
		132CDC271B8A563A00725BC8 /* UITableView+GestureAdditions.m in Sources */ = {isa = PBXBuildFile; fileRef = 132CDC241B8A563A00725BC8 /* UITableView+GestureAdditions.m */; };
		132CDC361B8A56B500725BC8 /* AppDelegate.m in Sources */ = {isa = PBXBuildFile; fileRef = 132CDC2D1B8A56B500725BC8 /* AppDelegate.m */; };
		132CDC381B8A56B500725BC8 /* ViewController.m in Sources */ = {isa = PBXBuildFile; fileRef = 132CDC311B8A56B500725BC8 /* ViewController.m */; };
		132CDC3B1B8A56D300725BC8 /* RootViewController.m in Sources */ = {isa = PBXBuildFile; fileRef = 132CDC3A1B8A56D300725BC8 /* RootViewController.m */; };
/* End PBXBuildFile section */

/* Begin PBXContainerItemProxy section */
		132CDC101B8A562D00725BC8 /* PBXContainerItemProxy */ = {
			isa = PBXContainerItemProxy;
			containerPortal = 132CDBEE1B8A562D00725BC8 /* Project object */;
			proxyType = 1;
			remoteGlobalIDString = 132CDBF51B8A562D00725BC8;
			remoteInfo = Sample;
		};
/* End PBXContainerItemProxy section */

/* Begin PBXFileReference section */
		132CDBF61B8A562D00725BC8 /* Sample.app */ = {isa = PBXFileReference; explicitFileType = wrapper.application; includeInIndex = 0; path = Sample.app; sourceTree = BUILT_PRODUCTS_DIR; };
		132CDBFA1B8A562D00725BC8 /* Info.plist */ = {isa = PBXFileReference; lastKnownFileType = text.plist.xml; path = Info.plist; sourceTree = "<group>"; };
		132CDBFB1B8A562D00725BC8 /* main.m */ = {isa = PBXFileReference; lastKnownFileType = sourcecode.c.objc; path = main.m; sourceTree = "<group>"; };
		132CDC041B8A562D00725BC8 /* Base */ = {isa = PBXFileReference; lastKnownFileType = file.storyboard; name = Base; path = Base.lproj/Main.storyboard; sourceTree = "<group>"; };
		132CDC061B8A562D00725BC8 /* Images.xcassets */ = {isa = PBXFileReference; lastKnownFileType = folder.assetcatalog; path = Images.xcassets; sourceTree = "<group>"; };
		132CDC091B8A562D00725BC8 /* Base */ = {isa = PBXFileReference; lastKnownFileType = file.xib; name = Base; path = Base.lproj/LaunchScreen.xib; sourceTree = "<group>"; };
		132CDC0F1B8A562D00725BC8 /* SampleTests.xctest */ = {isa = PBXFileReference; explicitFileType = wrapper.cfbundle; includeInIndex = 0; path = SampleTests.xctest; sourceTree = BUILT_PRODUCTS_DIR; };
		132CDC141B8A562D00725BC8 /* Info.plist */ = {isa = PBXFileReference; lastKnownFileType = text.plist.xml; path = Info.plist; sourceTree = "<group>"; };
		132CDC151B8A562D00725BC8 /* SampleTests.m */ = {isa = PBXFileReference; lastKnownFileType = sourcecode.c.objc; path = SampleTests.m; sourceTree = "<group>"; };
		132CDC201B8A563A00725BC8 /* _TBALongPressProxy.h */ = {isa = PBXFileReference; fileEncoding = 4; lastKnownFileType = sourcecode.c.h; path = _TBALongPressProxy.h; sourceTree = "<group>"; };
		132CDC211B8A563A00725BC8 /* _TBALongPressProxy.m */ = {isa = PBXFileReference; fileEncoding = 4; lastKnownFileType = sourcecode.c.objc; path = _TBALongPressProxy.m; sourceTree = "<group>"; };
		132CDC231B8A563A00725BC8 /* UITableView+GestureAdditions.h */ = {isa = PBXFileReference; fileEncoding = 4; lastKnownFileType = sourcecode.c.h; path = "UITableView+GestureAdditions.h"; sourceTree = "<group>"; };
		132CDC241B8A563A00725BC8 /* UITableView+GestureAdditions.m */ = {isa = PBXFileReference; fileEncoding = 4; lastKnownFileType = sourcecode.c.objc; path = "UITableView+GestureAdditions.m"; sourceTree = "<group>"; };
		132CDC2C1B8A56B500725BC8 /* AppDelegate.h */ = {isa = PBXFileReference; fileEncoding = 4; lastKnownFileType = sourcecode.c.h; path = AppDelegate.h; sourceTree = "<group>"; };
		132CDC2D1B8A56B500725BC8 /* AppDelegate.m */ = {isa = PBXFileReference; fileEncoding = 4; lastKnownFileType = sourcecode.c.objc; path = AppDelegate.m; sourceTree = "<group>"; };
		132CDC301B8A56B500725BC8 /* ViewController.h */ = {isa = PBXFileReference; fileEncoding = 4; lastKnownFileType = sourcecode.c.h; path = ViewController.h; sourceTree = "<group>"; };
		132CDC311B8A56B500725BC8 /* ViewController.m */ = {isa = PBXFileReference; fileEncoding = 4; lastKnownFileType = sourcecode.c.objc; path = ViewController.m; sourceTree = "<group>"; };
		132CDC391B8A56D300725BC8 /* RootViewController.h */ = {isa = PBXFileReference; fileEncoding = 4; lastKnownFileType = sourcecode.c.h; path = RootViewController.h; sourceTree = "<group>"; };
		132CDC3A1B8A56D300725BC8 /* RootViewController.m */ = {isa = PBXFileReference; fileEncoding = 4; lastKnownFileType = sourcecode.c.objc; path = RootViewController.m; sourceTree = "<group>"; };
/* End PBXFileReference section */

/* Begin PBXFrameworksBuildPhase section */
		132CDBF31B8A562D00725BC8 /* Frameworks */ = {
			isa = PBXFrameworksBuildPhase;
			buildActionMask = 2147483647;
			files = (
			);
			runOnlyForDeploymentPostprocessing = 0;
		};
		132CDC0C1B8A562D00725BC8 /* Frameworks */ = {
			isa = PBXFrameworksBuildPhase;
			buildActionMask = 2147483647;
			files = (
			);
			runOnlyForDeploymentPostprocessing = 0;
		};
/* End PBXFrameworksBuildPhase section */

/* Begin PBXGroup section */
		132CDBED1B8A562D00725BC8 = {
			isa = PBXGroup;
			children = (
				132CDC1F1B8A563A00725BC8 /* UITableView+GestureAdditions */,
				132CDBF81B8A562D00725BC8 /* Sample */,
				132CDC121B8A562D00725BC8 /* SampleTests */,
				132CDBF71B8A562D00725BC8 /* Products */,
			);
			sourceTree = "<group>";
		};
		132CDBF71B8A562D00725BC8 /* Products */ = {
			isa = PBXGroup;
			children = (
				132CDBF61B8A562D00725BC8 /* Sample.app */,
				132CDC0F1B8A562D00725BC8 /* SampleTests.xctest */,
			);
			name = Products;
			sourceTree = "<group>";
		};
		132CDBF81B8A562D00725BC8 /* Sample */ = {
			isa = PBXGroup;
			children = (
				132CDC2B1B8A56B500725BC8 /* Classes */,
				132CDC321B8A56B500725BC8 /* Resources */,
				132CDC031B8A562D00725BC8 /* Main.storyboard */,
				132CDC061B8A562D00725BC8 /* Images.xcassets */,
				132CDC081B8A562D00725BC8 /* LaunchScreen.xib */,
				132CDBF91B8A562D00725BC8 /* Supporting Files */,
			);
			path = Sample;
			sourceTree = "<group>";
		};
		132CDBF91B8A562D00725BC8 /* Supporting Files */ = {
			isa = PBXGroup;
			children = (
				132CDBFA1B8A562D00725BC8 /* Info.plist */,
				132CDBFB1B8A562D00725BC8 /* main.m */,
			);
			name = "Supporting Files";
			sourceTree = "<group>";
		};
		132CDC121B8A562D00725BC8 /* SampleTests */ = {
			isa = PBXGroup;
			children = (
				132CDC151B8A562D00725BC8 /* SampleTests.m */,
				132CDC131B8A562D00725BC8 /* Supporting Files */,
			);
			path = SampleTests;
			sourceTree = "<group>";
		};
		132CDC131B8A562D00725BC8 /* Supporting Files */ = {
			isa = PBXGroup;
			children = (
				132CDC141B8A562D00725BC8 /* Info.plist */,
			);
			name = "Supporting Files";
			sourceTree = "<group>";
		};
		132CDC1F1B8A563A00725BC8 /* UITableView+GestureAdditions */ = {
			isa = PBXGroup;
			children = (
				132CDC201B8A563A00725BC8 /* _TBALongPressProxy.h */,
				132CDC211B8A563A00725BC8 /* _TBALongPressProxy.m */,
				132CDC231B8A563A00725BC8 /* UITableView+GestureAdditions.h */,
				132CDC241B8A563A00725BC8 /* UITableView+GestureAdditions.m */,
			);
			name = "UITableView+GestureAdditions";
			path = "../../UITableView+GestureAdditions";
			sourceTree = "<group>";
		};
		132CDC2B1B8A56B500725BC8 /* Classes */ = {
			isa = PBXGroup;
			children = (
				132CDC2C1B8A56B500725BC8 /* AppDelegate.h */,
				132CDC2D1B8A56B500725BC8 /* AppDelegate.m */,
				132CDC391B8A56D300725BC8 /* RootViewController.h */,
				132CDC3A1B8A56D300725BC8 /* RootViewController.m */,
				132CDC301B8A56B500725BC8 /* ViewController.h */,
				132CDC311B8A56B500725BC8 /* ViewController.m */,
			);
			path = Classes;
			sourceTree = "<group>";
		};
		132CDC321B8A56B500725BC8 /* Resources */ = {
			isa = PBXGroup;
			children = (
				132CDC331B8A56B500725BC8 /* Audio */,
				132CDC341B8A56B500725BC8 /* Data */,
				132CDC351B8A56B500725BC8 /* Graphics */,
			);
			path = Resources;
			sourceTree = "<group>";
		};
		132CDC331B8A56B500725BC8 /* Audio */ = {
			isa = PBXGroup;
			children = (
			);
			path = Audio;
			sourceTree = "<group>";
		};
		132CDC341B8A56B500725BC8 /* Data */ = {
			isa = PBXGroup;
			children = (
			);
			path = Data;
			sourceTree = "<group>";
		};
		132CDC351B8A56B500725BC8 /* Graphics */ = {
			isa = PBXGroup;
			children = (
			);
			path = Graphics;
			sourceTree = "<group>";
		};
/* End PBXGroup section */

/* Begin PBXNativeTarget section */
		132CDBF51B8A562D00725BC8 /* Sample */ = {
			isa = PBXNativeTarget;
			buildConfigurationList = 132CDC191B8A562D00725BC8 /* Build configuration list for PBXNativeTarget "Sample" */;
			buildPhases = (
				132CDBF21B8A562D00725BC8 /* Sources */,
				132CDBF31B8A562D00725BC8 /* Frameworks */,
				132CDBF41B8A562D00725BC8 /* Resources */,
			);
			buildRules = (
			);
			dependencies = (
			);
			name = Sample;
			productName = Sample;
			productReference = 132CDBF61B8A562D00725BC8 /* Sample.app */;
			productType = "com.apple.product-type.application";
		};
		132CDC0E1B8A562D00725BC8 /* SampleTests */ = {
			isa = PBXNativeTarget;
			buildConfigurationList = 132CDC1C1B8A562D00725BC8 /* Build configuration list for PBXNativeTarget "SampleTests" */;
			buildPhases = (
				132CDC0B1B8A562D00725BC8 /* Sources */,
				132CDC0C1B8A562D00725BC8 /* Frameworks */,
				132CDC0D1B8A562D00725BC8 /* Resources */,
			);
			buildRules = (
			);
			dependencies = (
				132CDC111B8A562D00725BC8 /* PBXTargetDependency */,
			);
			name = SampleTests;
			productName = SampleTests;
			productReference = 132CDC0F1B8A562D00725BC8 /* SampleTests.xctest */;
			productType = "com.apple.product-type.bundle.unit-test";
		};
/* End PBXNativeTarget section */

/* Begin PBXProject section */
		132CDBEE1B8A562D00725BC8 /* Project object */ = {
			isa = PBXProject;
			attributes = {
				LastUpgradeCheck = 0640;
				ORGANIZATIONNAME = "Xiao Yao";
				TargetAttributes = {
					132CDBF51B8A562D00725BC8 = {
						CreatedOnToolsVersion = 6.4;
					};
					132CDC0E1B8A562D00725BC8 = {
						CreatedOnToolsVersion = 6.4;
						TestTargetID = 132CDBF51B8A562D00725BC8;
					};
				};
			};
			buildConfigurationList = 132CDBF11B8A562D00725BC8 /* Build configuration list for PBXProject "Sample" */;
			compatibilityVersion = "Xcode 3.2";
			developmentRegion = English;
			hasScannedForEncodings = 0;
			knownRegions = (
				en,
				Base,
			);
			mainGroup = 132CDBED1B8A562D00725BC8;
			productRefGroup = 132CDBF71B8A562D00725BC8 /* Products */;
			projectDirPath = "";
			projectRoot = "";
			targets = (
				132CDBF51B8A562D00725BC8 /* Sample */,
				132CDC0E1B8A562D00725BC8 /* SampleTests */,
			);
		};
/* End PBXProject section */

/* Begin PBXResourcesBuildPhase section */
		132CDBF41B8A562D00725BC8 /* Resources */ = {
			isa = PBXResourcesBuildPhase;
			buildActionMask = 2147483647;
			files = (
				132CDC051B8A562D00725BC8 /* Main.storyboard in Resources */,
				132CDC0A1B8A562D00725BC8 /* LaunchScreen.xib in Resources */,
				132CDC071B8A562D00725BC8 /* Images.xcassets in Resources */,
			);
			runOnlyForDeploymentPostprocessing = 0;
		};
		132CDC0D1B8A562D00725BC8 /* Resources */ = {
			isa = PBXResourcesBuildPhase;
			buildActionMask = 2147483647;
			files = (
			);
			runOnlyForDeploymentPostprocessing = 0;
		};
/* End PBXResourcesBuildPhase section */

/* Begin PBXSourcesBuildPhase section */
		132CDBF21B8A562D00725BC8 /* Sources */ = {
			isa = PBXSourcesBuildPhase;
			buildActionMask = 2147483647;
			files = (
				132CDC381B8A56B500725BC8 /* ViewController.m in Sources */,
				132CDC361B8A56B500725BC8 /* AppDelegate.m in Sources */,
				132CDC3B1B8A56D300725BC8 /* RootViewController.m in Sources */,
				132CDC251B8A563A00725BC8 /* _TBALongPressProxy.m in Sources */,
				132CDC271B8A563A00725BC8 /* UITableView+GestureAdditions.m in Sources */,
				132CDBFC1B8A562D00725BC8 /* main.m in Sources */,
			);
			runOnlyForDeploymentPostprocessing = 0;
		};
		132CDC0B1B8A562D00725BC8 /* Sources */ = {
			isa = PBXSourcesBuildPhase;
			buildActionMask = 2147483647;
			files = (
				132CDC161B8A562D00725BC8 /* SampleTests.m in Sources */,
			);
			runOnlyForDeploymentPostprocessing = 0;
		};
/* End PBXSourcesBuildPhase section */

/* Begin PBXTargetDependency section */
		132CDC111B8A562D00725BC8 /* PBXTargetDependency */ = {
			isa = PBXTargetDependency;
			target = 132CDBF51B8A562D00725BC8 /* Sample */;
			targetProxy = 132CDC101B8A562D00725BC8 /* PBXContainerItemProxy */;
		};
/* End PBXTargetDependency section */

/* Begin PBXVariantGroup section */
		132CDC031B8A562D00725BC8 /* Main.storyboard */ = {
			isa = PBXVariantGroup;
			children = (
				132CDC041B8A562D00725BC8 /* Base */,
			);
			name = Main.storyboard;
			sourceTree = "<group>";
		};
		132CDC081B8A562D00725BC8 /* LaunchScreen.xib */ = {
			isa = PBXVariantGroup;
			children = (
				132CDC091B8A562D00725BC8 /* Base */,
			);
			name = LaunchScreen.xib;
			sourceTree = "<group>";
		};
/* End PBXVariantGroup section */

/* Begin XCBuildConfiguration section */
		132CDC171B8A562D00725BC8 /* Debug */ = {
			isa = XCBuildConfiguration;
			buildSettings = {
				ALWAYS_SEARCH_USER_PATHS = NO;
				CLANG_CXX_LANGUAGE_STANDARD = "gnu++0x";
				CLANG_CXX_LIBRARY = "libc++";
				CLANG_ENABLE_MODULES = YES;
				CLANG_ENABLE_OBJC_ARC = YES;
				CLANG_WARN_BOOL_CONVERSION = YES;
				CLANG_WARN_CONSTANT_CONVERSION = YES;
				CLANG_WARN_DIRECT_OBJC_ISA_USAGE = YES_ERROR;
				CLANG_WARN_EMPTY_BODY = YES;
				CLANG_WARN_ENUM_CONVERSION = YES;
				CLANG_WARN_INT_CONVERSION = YES;
				CLANG_WARN_OBJC_ROOT_CLASS = YES_ERROR;
				CLANG_WARN_UNREACHABLE_CODE = YES;
				CLANG_WARN__DUPLICATE_METHOD_MATCH = YES;
				"CODE_SIGN_IDENTITY[sdk=iphoneos*]" = "iPhone Developer";
				COPY_PHASE_STRIP = NO;
				DEBUG_INFORMATION_FORMAT = "dwarf-with-dsym";
				ENABLE_STRICT_OBJC_MSGSEND = YES;
				GCC_C_LANGUAGE_STANDARD = gnu99;
				GCC_DYNAMIC_NO_PIC = NO;
				GCC_NO_COMMON_BLOCKS = YES;
				GCC_OPTIMIZATION_LEVEL = 0;
				GCC_PREPROCESSOR_DEFINITIONS = (
					"DEBUG=1",
					"$(inherited)",
				);
				GCC_SYMBOLS_PRIVATE_EXTERN = NO;
				GCC_WARN_64_TO_32_BIT_CONVERSION = YES;
				GCC_WARN_ABOUT_RETURN_TYPE = YES_ERROR;
				GCC_WARN_UNDECLARED_SELECTOR = YES;
				GCC_WARN_UNINITIALIZED_AUTOS = YES_AGGRESSIVE;
				GCC_WARN_UNUSED_FUNCTION = YES;
				GCC_WARN_UNUSED_VARIABLE = YES;
				IPHONEOS_DEPLOYMENT_TARGET = 8.4;
				MTL_ENABLE_DEBUG_INFO = YES;
				ONLY_ACTIVE_ARCH = YES;
				SDKROOT = iphoneos;
				TARGETED_DEVICE_FAMILY = "1,2";
			};
			name = Debug;
		};
		132CDC181B8A562D00725BC8 /* Release */ = {
			isa = XCBuildConfiguration;
			buildSettings = {
				ALWAYS_SEARCH_USER_PATHS = NO;
				CLANG_CXX_LANGUAGE_STANDARD = "gnu++0x";
				CLANG_CXX_LIBRARY = "libc++";
				CLANG_ENABLE_MODULES = YES;
				CLANG_ENABLE_OBJC_ARC = YES;
				CLANG_WARN_BOOL_CONVERSION = YES;
				CLANG_WARN_CONSTANT_CONVERSION = YES;
				CLANG_WARN_DIRECT_OBJC_ISA_USAGE = YES_ERROR;
				CLANG_WARN_EMPTY_BODY = YES;
				CLANG_WARN_ENUM_CONVERSION = YES;
				CLANG_WARN_INT_CONVERSION = YES;
				CLANG_WARN_OBJC_ROOT_CLASS = YES_ERROR;
				CLANG_WARN_UNREACHABLE_CODE = YES;
				CLANG_WARN__DUPLICATE_METHOD_MATCH = YES;
				"CODE_SIGN_IDENTITY[sdk=iphoneos*]" = "iPhone Developer";
				COPY_PHASE_STRIP = NO;
				DEBUG_INFORMATION_FORMAT = "dwarf-with-dsym";
				ENABLE_NS_ASSERTIONS = NO;
				ENABLE_STRICT_OBJC_MSGSEND = YES;
				GCC_C_LANGUAGE_STANDARD = gnu99;
				GCC_NO_COMMON_BLOCKS = YES;
				GCC_WARN_64_TO_32_BIT_CONVERSION = YES;
				GCC_WARN_ABOUT_RETURN_TYPE = YES_ERROR;
				GCC_WARN_UNDECLARED_SELECTOR = YES;
				GCC_WARN_UNINITIALIZED_AUTOS = YES_AGGRESSIVE;
				GCC_WARN_UNUSED_FUNCTION = YES;
				GCC_WARN_UNUSED_VARIABLE = YES;
				IPHONEOS_DEPLOYMENT_TARGET = 8.4;
				MTL_ENABLE_DEBUG_INFO = NO;
				SDKROOT = iphoneos;
				TARGETED_DEVICE_FAMILY = "1,2";
				VALIDATE_PRODUCT = YES;
			};
			name = Release;
		};
		132CDC1A1B8A562D00725BC8 /* Debug */ = {
			isa = XCBuildConfiguration;
			buildSettings = {
				ASSETCATALOG_COMPILER_APPICON_NAME = AppIcon;
				INFOPLIST_FILE = Sample/Info.plist;
				LD_RUNPATH_SEARCH_PATHS = "$(inherited) @executable_path/Frameworks";
				PRODUCT_NAME = "$(TARGET_NAME)";
			};
			name = Debug;
		};
		132CDC1B1B8A562D00725BC8 /* Release */ = {
			isa = XCBuildConfiguration;
			buildSettings = {
				ASSETCATALOG_COMPILER_APPICON_NAME = AppIcon;
				INFOPLIST_FILE = Sample/Info.plist;
				LD_RUNPATH_SEARCH_PATHS = "$(inherited) @executable_path/Frameworks";
				PRODUCT_NAME = "$(TARGET_NAME)";
			};
			name = Release;
		};
		132CDC1D1B8A562D00725BC8 /* Debug */ = {
			isa = XCBuildConfiguration;
			buildSettings = {
				BUNDLE_LOADER = "$(TEST_HOST)";
				FRAMEWORK_SEARCH_PATHS = (
					"$(SDKROOT)/Developer/Library/Frameworks",
					"$(inherited)",
				);
				GCC_PREPROCESSOR_DEFINITIONS = (
					"DEBUG=1",
					"$(inherited)",
				);
				INFOPLIST_FILE = SampleTests/Info.plist;
				LD_RUNPATH_SEARCH_PATHS = "$(inherited) @executable_path/Frameworks @loader_path/Frameworks";
				PRODUCT_NAME = "$(TARGET_NAME)";
				TEST_HOST = "$(BUILT_PRODUCTS_DIR)/Sample.app/Sample";
			};
			name = Debug;
		};
		132CDC1E1B8A562D00725BC8 /* Release */ = {
			isa = XCBuildConfiguration;
			buildSettings = {
				BUNDLE_LOADER = "$(TEST_HOST)";
				FRAMEWORK_SEARCH_PATHS = (
					"$(SDKROOT)/Developer/Library/Frameworks",
					"$(inherited)",
				);
				INFOPLIST_FILE = SampleTests/Info.plist;
				LD_RUNPATH_SEARCH_PATHS = "$(inherited) @executable_path/Frameworks @loader_path/Frameworks";
				PRODUCT_NAME = "$(TARGET_NAME)";
				TEST_HOST = "$(BUILT_PRODUCTS_DIR)/Sample.app/Sample";
			};
			name = Release;
		};
/* End XCBuildConfiguration section */

/* Begin XCConfigurationList section */
		132CDBF11B8A562D00725BC8 /* Build configuration list for PBXProject "Sample" */ = {
			isa = XCConfigurationList;
			buildConfigurations = (
				132CDC171B8A562D00725BC8 /* Debug */,
				132CDC181B8A562D00725BC8 /* Release */,
			);
			defaultConfigurationIsVisible = 0;
			defaultConfigurationName = Release;
		};
		132CDC191B8A562D00725BC8 /* Build configuration list for PBXNativeTarget "Sample" */ = {
			isa = XCConfigurationList;
			buildConfigurations = (
				132CDC1A1B8A562D00725BC8 /* Debug */,
				132CDC1B1B8A562D00725BC8 /* Release */,
			);
			defaultConfigurationIsVisible = 0;
		};
		132CDC1C1B8A562D00725BC8 /* Build configuration list for PBXNativeTarget "SampleTests" */ = {
			isa = XCConfigurationList;
			buildConfigurations = (
				132CDC1D1B8A562D00725BC8 /* Debug */,
				132CDC1E1B8A562D00725BC8 /* Release */,
			);
			defaultConfigurationIsVisible = 0;
		};
/* End XCConfigurationList section */
	};
	rootObject = 132CDBEE1B8A562D00725BC8 /* Project object */;
}
